PODS:
  - DLCryptoKit (2.0.1):
    - DLOpenSSL
  - DLOpenSSL (1.0.2)
  - TokenDWallet (3.0.3):
    - DLCryptoKit (>= 2.0.1)

DEPENDENCIES:
  - TokenDWallet (from `../`)

SPEC REPOS:
  "git@github.com:tokend/ios-specs.git":
    - DLCryptoKit
    - DLOpenSSL

EXTERNAL SOURCES:
  TokenDWallet:
    :path: "../"

SPEC CHECKSUMS:
  DLCryptoKit: 491c522583e92c90c09c06bf1192ef741022af33
  DLOpenSSL: 78d928228cb6d95fcaa354f4f9aba041ccf95457
  TokenDWallet: c82987e63da4c5fe9b6509d192c538d57a6ebe14

PODFILE CHECKSUM: 2ff703f484f93022caae12590846b6530f3c4419

COCOAPODS: 1.6.1
